
Microsoft Visual Studio Solution File, Format Version 12.00
# Visual Studio Version 16
VisualStudioVersion = 16.0.29613.14
MinimumVisualStudioVersion = 10.0.40219.1
Project("{FAE04EC0-301F-11D3-BF4B-00C04F79EFBC}") = "json-uploadData", "json-uploadData\json-uploadData.csproj", "{DDDDF91F-99D4-4743-BC9C-5A67BA0FFA13}"
EndProject
Global
	GlobalSection(SolutionConfigurationPlatforms) = preSolution
		Debug|Any CPU = Debug|Any CPU
		Release|Any CPU = Release|Any CPU
	EndGlobalSection
	GlobalSection(ProjectConfigurationPlatforms) = postSolution
		{DDDDF91F-99D4-4743-BC9C-5A67BA0FFA13}.Debug|Any CPU.ActiveCfg = Debug|Any CPU
		{DDDDF91F-99D4-4743-BC9C-5A67BA0FFA13}.Debug|Any CPU.Build.0 = Debug|Any CPU
		{DDDDF91F-99D4-4743-BC9C-5A67BA0FFA13}.Release|Any CPU.ActiveCfg = Release|Any CPU
		{DDDDF91F-99D4-4743-BC9C-5A67BA0FFA13}.Release|Any CPU.Build.0 = Release|Any CPU
	EndGlobalSection
	GlobalSection(SolutionProperties) = preSolution
		HideSolutionNode = FALSE
	EndGlobalSection
	GlobalSection(ExtensibilityGlobals) = postSolution
		SolutionGuid = {E04BC061-7B70-4110-A399-95DE7627DE6F}
	EndGlobalSection
EndGlobal
